
Microsoft Visual Studio Solution File, Format Version 12.00
# Visual Studio Version 17
VisualStudioVersion = 17.6.33801.468
MinimumVisualStudioVersion = 10.0.40219.1
Project("{9A19103F-16F7-4668-BE54-9A1E7A4F7556}") = "Core_MVC_Example", "Core_MVC_Example\Core_MVC_Example.csproj", "{40E0036F-6380-40D2-B4C9-8B74CB76CCC6}"
EndProject
Global
	GlobalSection(SolutionConfigurationPlatforms) = preSolution
		Debug|Any CPU = Debug|Any CPU
		Release|Any CPU = Release|Any CPU
	EndGlobalSection
	GlobalSection(ProjectConfigurationPlatforms) = postSolution
		{40E0036F-6380-40D2-B4C9-8B74CB76CCC6}.Debug|Any CPU.ActiveCfg = Debug|Any CPU
		{40E0036F-6380-40D2-B4C9-8B74CB76CCC6}.Debug|Any CPU.Build.0 = Debug|Any CPU
		{40E0036F-6380-40D2-B4C9-8B74CB76CCC6}.Release|Any CPU.ActiveCfg = Release|Any CPU
		{40E0036F-6380-40D2-B4C9-8B74CB76CCC6}.Release|Any CPU.Build.0 = Release|Any CPU
	EndGlobalSection
	GlobalSection(SolutionProperties) = preSolution
		HideSolutionNode = FALSE
	EndGlobalSection
	GlobalSection(ExtensibilityGlobals) = postSolution
		SolutionGuid = {4BDB333A-5B54-4898-9C7D-3BEF17BC011C}
	EndGlobalSection
EndGlobal
